
Microsoft Visual Studio Solution File, Format Version 12.00
# Visual Studio 14
VisualStudioVersion = 14.0.25123.0
MinimumVisualStudioVersion = 10.0.40219.1
Project("{FAE04EC0-301F-11D3-BF4B-00C04F79EFBC}") = "BaseDataAccess", "BaseDataAccess\BaseDataAccess.csproj", "{5CC7B876-9323-4404-93A0-E7C966490B41}"
EndProject
Project("{FAE04EC0-301F-11D3-BF4B-00C04F79EFBC}") = "HashCodeMD5", "HashCodeMD5\HashCodeMD5.csproj", "{5EC93B07-7AF2-47B3-A219-008D5B5D3911}"
EndProject
Project("{FAE04EC0-301F-11D3-BF4B-00C04F79EFBC}") = "IAM2", "IAM2\IAM2.csproj", "{E2B5331E-0DD4-4A58-93D9-B0A5163D1D43}"
EndProject
Project("{FAE04EC0-301F-11D3-BF4B-00C04F79EFBC}") = "IAMEntityDAL", "IAMEntityDAL\IAMEntityDAL.csproj", "{AF917393-E99C-423A-81FB-782E4C4422DC}"
EndProject
Project("{FAE04EC0-301F-11D3-BF4B-00C04F79EFBC}") = "OLEDBExcelHelper", "OLEDBExcelHelper\OLEDBExcelHelper.csproj", "{5FD9AF2E-E099-48F2-912E-632A2D4B4630}"
EndProject
Project("{FAE04EC0-301F-11D3-BF4B-00C04F79EFBC}") = "RazorEngine", "RazorEngine\RazorEngine.csproj", "{64128C85-B9AF-4B4C-BE83-04983EF7F8C9}"
EndProject
Project("{FAE04EC0-301F-11D3-BF4B-00C04F79EFBC}") = "SyncTaskServices", "SyncTaskServices\SyncTaskServices.csproj", "{F99BA2AA-6254-4BFC-B4DF-976D473299B6}"
EndProject
Project("{FAE04EC0-301F-11D3-BF4B-00C04F79EFBC}") = "WebServices", "WebServices\WebServices.csproj", "{CC02F445-637C-441D-8EA8-95A42355C959}"
EndProject
Project("{FAE04EC0-301F-11D3-BF4B-00C04F79EFBC}") = "win64test", "win64test\win64test.csproj", "{7659659E-E0EE-4D09-85A0-34813F4A5AA6}"
EndProject
Global
	GlobalSection(SolutionConfigurationPlatforms) = preSolution
		Debug|Any CPU = Debug|Any CPU
		Debug|x64 = Debug|x64
		Debug|x86 = Debug|x86
		Release|Any CPU = Release|Any CPU
		Release|x64 = Release|x64
		Release|x86 = Release|x86
	EndGlobalSection
	GlobalSection(ProjectConfigurationPlatforms) = postSolution
		{5CC7B876-9323-4404-93A0-E7C966490B41}.Debug|Any CPU.ActiveCfg = Debug|Any CPU
		{5CC7B876-9323-4404-93A0-E7C966490B41}.Debug|Any CPU.Build.0 = Debug|Any CPU
		{5CC7B876-9323-4404-93A0-E7C966490B41}.Debug|x64.ActiveCfg = Debug|x64
		{5CC7B876-9323-4404-93A0-E7C966490B41}.Debug|x64.Build.0 = Debug|x64
		{5CC7B876-9323-4404-93A0-E7C966490B41}.Debug|x86.ActiveCfg = Debug|x86
		{5CC7B876-9323-4404-93A0-E7C966490B41}.Debug|x86.Build.0 = Debug|x86
		{5CC7B876-9323-4404-93A0-E7C966490B41}.Release|Any CPU.ActiveCfg = Release|Any CPU
		{5CC7B876-9323-4404-93A0-E7C966490B41}.Release|Any CPU.Build.0 = Release|Any CPU
		{5CC7B876-9323-4404-93A0-E7C966490B41}.Release|x64.ActiveCfg = Release|x64
		{5CC7B876-9323-4404-93A0-E7C966490B41}.Release|x64.Build.0 = Release|x64
		{5CC7B876-9323-4404-93A0-E7C966490B41}.Release|x86.ActiveCfg = Release|x86
		{5CC7B876-9323-4404-93A0-E7C966490B41}.Release|x86.Build.0 = Release|x86
		{5EC93B07-7AF2-47B3-A219-008D5B5D3911}.Debug|Any CPU.ActiveCfg = Debug|Any CPU
		{5EC93B07-7AF2-47B3-A219-008D5B5D3911}.Debug|Any CPU.Build.0 = Debug|Any CPU
		{5EC93B07-7AF2-47B3-A219-008D5B5D3911}.Debug|x64.ActiveCfg = Debug|Any CPU
		{5EC93B07-7AF2-47B3-A219-008D5B5D3911}.Debug|x64.Build.0 = Debug|Any CPU
		{5EC93B07-7AF2-47B3-A219-008D5B5D3911}.Debug|x86.ActiveCfg = Debug|Any CPU
		{5EC93B07-7AF2-47B3-A219-008D5B5D3911}.Debug|x86.Build.0 = Debug|Any CPU
		{5EC93B07-7AF2-47B3-A219-008D5B5D3911}.Release|Any CPU.ActiveCfg = Release|Any CPU
		{5EC93B07-7AF2-47B3-A219-008D5B5D3911}.Release|Any CPU.Build.0 = Release|Any CPU
		{5EC93B07-7AF2-47B3-A219-008D5B5D3911}.Release|x64.ActiveCfg = Release|Any CPU
		{5EC93B07-7AF2-47B3-A219-008D5B5D3911}.Release|x64.Build.0 = Release|Any CPU
		{5EC93B07-7AF2-47B3-A219-008D5B5D3911}.Release|x86.ActiveCfg = Release|Any CPU
		{5EC93B07-7AF2-47B3-A219-008D5B5D3911}.Release|x86.Build.0 = Release|Any CPU
		{E2B5331E-0DD4-4A58-93D9-B0A5163D1D43}.Debug|Any CPU.ActiveCfg = Debug|Any CPU
		{E2B5331E-0DD4-4A58-93D9-B0A5163D1D43}.Debug|Any CPU.Build.0 = Debug|Any CPU
		{E2B5331E-0DD4-4A58-93D9-B0A5163D1D43}.Debug|x64.ActiveCfg = Debug|Any CPU
		{E2B5331E-0DD4-4A58-93D9-B0A5163D1D43}.Debug|x64.Build.0 = Debug|Any CPU
		{E2B5331E-0DD4-4A58-93D9-B0A5163D1D43}.Debug|x86.ActiveCfg = Debug|Any CPU
		{E2B5331E-0DD4-4A58-93D9-B0A5163D1D43}.Debug|x86.Build.0 = Debug|Any CPU
		{E2B5331E-0DD4-4A58-93D9-B0A5163D1D43}.Release|Any CPU.ActiveCfg = Release|Any CPU
		{E2B5331E-0DD4-4A58-93D9-B0A5163D1D43}.Release|Any CPU.Build.0 = Release|Any CPU
		{E2B5331E-0DD4-4A58-93D9-B0A5163D1D43}.Release|x64.ActiveCfg = Release|Any CPU
		{E2B5331E-0DD4-4A58-93D9-B0A5163D1D43}.Release|x64.Build.0 = Release|Any CPU
		{E2B5331E-0DD4-4A58-93D9-B0A5163D1D43}.Release|x86.ActiveCfg = Release|Any CPU
		{E2B5331E-0DD4-4A58-93D9-B0A5163D1D43}.Release|x86.Build.0 = Release|Any CPU
		{AF917393-E99C-423A-81FB-782E4C4422DC}.Debug|Any CPU.ActiveCfg = Debug|Any CPU
		{AF917393-E99C-423A-81FB-782E4C4422DC}.Debug|Any CPU.Build.0 = Debug|Any CPU
		{AF917393-E99C-423A-81FB-782E4C4422DC}.Debug|x64.ActiveCfg = Debug|x64
		{AF917393-E99C-423A-81FB-782E4C4422DC}.Debug|x64.Build.0 = Debug|x64
		{AF917393-E99C-423A-81FB-782E4C4422DC}.Debug|x86.ActiveCfg = Debug|x86
		{AF917393-E99C-423A-81FB-782E4C4422DC}.Debug|x86.Build.0 = Debug|x86
		{AF917393-E99C-423A-81FB-782E4C4422DC}.Release|Any CPU.ActiveCfg = Release|Any CPU
		{AF917393-E99C-423A-81FB-782E4C4422DC}.Release|Any CPU.Build.0 = Release|Any CPU
		{AF917393-E99C-423A-81FB-782E4C4422DC}.Release|x64.ActiveCfg = Release|x64
		{AF917393-E99C-423A-81FB-782E4C4422DC}.Release|x64.Build.0 = Release|x64
		{AF917393-E99C-423A-81FB-782E4C4422DC}.Release|x86.ActiveCfg = Release|x86
		{AF917393-E99C-423A-81FB-782E4C4422DC}.Release|x86.Build.0 = Release|x86
		{5FD9AF2E-E099-48F2-912E-632A2D4B4630}.Debug|Any CPU.ActiveCfg = Debug|Any CPU
		{5FD9AF2E-E099-48F2-912E-632A2D4B4630}.Debug|Any CPU.Build.0 = Debug|Any CPU
		{5FD9AF2E-E099-48F2-912E-632A2D4B4630}.Debug|x64.ActiveCfg = Debug|Any CPU
		{5FD9AF2E-E099-48F2-912E-632A2D4B4630}.Debug|x64.Build.0 = Debug|Any CPU
		{5FD9AF2E-E099-48F2-912E-632A2D4B4630}.Debug|x86.ActiveCfg = Debug|Any CPU
		{5FD9AF2E-E099-48F2-912E-632A2D4B4630}.Debug|x86.Build.0 = Debug|Any CPU
		{5FD9AF2E-E099-48F2-912E-632A2D4B4630}.Release|Any CPU.ActiveCfg = Release|Any CPU
		{5FD9AF2E-E099-48F2-912E-632A2D4B4630}.Release|Any CPU.Build.0 = Release|Any CPU
		{5FD9AF2E-E099-48F2-912E-632A2D4B4630}.Release|x64.ActiveCfg = Release|Any CPU
		{5FD9AF2E-E099-48F2-912E-632A2D4B4630}.Release|x64.Build.0 = Release|Any CPU
		{5FD9AF2E-E099-48F2-912E-632A2D4B4630}.Release|x86.ActiveCfg = Release|Any CPU
		{5FD9AF2E-E099-48F2-912E-632A2D4B4630}.Release|x86.Build.0 = Release|Any CPU
		{64128C85-B9AF-4B4C-BE83-04983EF7F8C9}.Debug|Any CPU.ActiveCfg = Debug|Any CPU
		{64128C85-B9AF-4B4C-BE83-04983EF7F8C9}.Debug|Any CPU.Build.0 = Debug|Any CPU
		{64128C85-B9AF-4B4C-BE83-04983EF7F8C9}.Debug|x64.ActiveCfg = Debug|Any CPU
		{64128C85-B9AF-4B4C-BE83-04983EF7F8C9}.Debug|x64.Build.0 = Debug|Any CPU
		{64128C85-B9AF-4B4C-BE83-04983EF7F8C9}.Debug|x86.ActiveCfg = Debug|Any CPU
		{64128C85-B9AF-4B4C-BE83-04983EF7F8C9}.Debug|x86.Build.0 = Debug|Any CPU
		{64128C85-B9AF-4B4C-BE83-04983EF7F8C9}.Release|Any CPU.ActiveCfg = Release|Any CPU
		{64128C85-B9AF-4B4C-BE83-04983EF7F8C9}.Release|Any CPU.Build.0 = Release|Any CPU
		{64128C85-B9AF-4B4C-BE83-04983EF7F8C9}.Release|x64.ActiveCfg = Release|Any CPU
		{64128C85-B9AF-4B4C-BE83-04983EF7F8C9}.Release|x64.Build.0 = Release|Any CPU
		{64128C85-B9AF-4B4C-BE83-04983EF7F8C9}.Release|x86.ActiveCfg = Release|Any CPU
		{64128C85-B9AF-4B4C-BE83-04983EF7F8C9}.Release|x86.Build.0 = Release|Any CPU
		{F99BA2AA-6254-4BFC-B4DF-976D473299B6}.Debug|Any CPU.ActiveCfg = Debug|Any CPU
		{F99BA2AA-6254-4BFC-B4DF-976D473299B6}.Debug|Any CPU.Build.0 = Debug|Any CPU
		{F99BA2AA-6254-4BFC-B4DF-976D473299B6}.Debug|x64.ActiveCfg = Debug|Any CPU
		{F99BA2AA-6254-4BFC-B4DF-976D473299B6}.Debug|x64.Build.0 = Debug|Any CPU
		{F99BA2AA-6254-4BFC-B4DF-976D473299B6}.Debug|x86.ActiveCfg = Debug|Any CPU
		{F99BA2AA-6254-4BFC-B4DF-976D473299B6}.Debug|x86.Build.0 = Debug|Any CPU
		{F99BA2AA-6254-4BFC-B4DF-976D473299B6}.Release|Any CPU.ActiveCfg = Release|Any CPU
		{F99BA2AA-6254-4BFC-B4DF-976D473299B6}.Release|Any CPU.Build.0 = Release|Any CPU
		{F99BA2AA-6254-4BFC-B4DF-976D473299B6}.Release|x64.ActiveCfg = Release|Any CPU
		{F99BA2AA-6254-4BFC-B4DF-976D473299B6}.Release|x64.Build.0 = Release|Any CPU
		{F99BA2AA-6254-4BFC-B4DF-976D473299B6}.Release|x86.ActiveCfg = Release|Any CPU
		{F99BA2AA-6254-4BFC-B4DF-976D473299B6}.Release|x86.Build.0 = Release|Any CPU
		{CC02F445-637C-441D-8EA8-95A42355C959}.Debug|Any CPU.ActiveCfg = Debug|Any CPU
		{CC02F445-637C-441D-8EA8-95A42355C959}.Debug|Any CPU.Build.0 = Debug|Any CPU
		{CC02F445-637C-441D-8EA8-95A42355C959}.Debug|x64.ActiveCfg = Debug|Any CPU
		{CC02F445-637C-441D-8EA8-95A42355C959}.Debug|x64.Build.0 = Debug|Any CPU
		{CC02F445-637C-441D-8EA8-95A42355C959}.Debug|x86.ActiveCfg = Debug|Any CPU
		{CC02F445-637C-441D-8EA8-95A42355C959}.Debug|x86.Build.0 = Debug|Any CPU
		{CC02F445-637C-441D-8EA8-95A42355C959}.Release|Any CPU.ActiveCfg = Release|Any CPU
		{CC02F445-637C-441D-8EA8-95A42355C959}.Release|Any CPU.Build.0 = Release|Any CPU
		{CC02F445-637C-441D-8EA8-95A42355C959}.Release|x64.ActiveCfg = Release|Any CPU
		{CC02F445-637C-441D-8EA8-95A42355C959}.Release|x64.Build.0 = Release|Any CPU
		{CC02F445-637C-441D-8EA8-95A42355C959}.Release|x86.ActiveCfg = Release|Any CPU
		{CC02F445-637C-441D-8EA8-95A42355C959}.Release|x86.Build.0 = Release|Any CPU
		{7659659E-E0EE-4D09-85A0-34813F4A5AA6}.Debug|Any CPU.ActiveCfg = Debug|x64
		{7659659E-E0EE-4D09-85A0-34813F4A5AA6}.Debug|x64.ActiveCfg = Debug|x64
		{7659659E-E0EE-4D09-85A0-34813F4A5AA6}.Debug|x64.Build.0 = Debug|x64
		{7659659E-E0EE-4D09-85A0-34813F4A5AA6}.Debug|x86.ActiveCfg = Debug|x86
		{7659659E-E0EE-4D09-85A0-34813F4A5AA6}.Debug|x86.Build.0 = Debug|x86
		{7659659E-E0EE-4D09-85A0-34813F4A5AA6}.Release|Any CPU.ActiveCfg = Release|x86
		{7659659E-E0EE-4D09-85A0-34813F4A5AA6}.Release|x64.ActiveCfg = Release|x64
		{7659659E-E0EE-4D09-85A0-34813F4A5AA6}.Release|x64.Build.0 = Release|x64
		{7659659E-E0EE-4D09-85A0-34813F4A5AA6}.Release|x86.ActiveCfg = Release|x86
		{7659659E-E0EE-4D09-85A0-34813F4A5AA6}.Release|x86.Build.0 = Release|x86
	EndGlobalSection
	GlobalSection(SolutionProperties) = preSolution
		HideSolutionNode = FALSE
	EndGlobalSection
EndGlobal
